
Microsoft Visual Studio Solution File, Format Version 12.00
# Visual Studio 15
VisualStudioVersion = 15.0.28307.1231
MinimumVisualStudioVersion = 10.0.40219.1
Project("{FAE04EC0-301F-11D3-BF4B-00C04F79EFBC}") = "AvaliacaoAsp", "AvaliacaoAsp\AvaliacaoAsp.csproj", "{2CC1C045-61AE-4DE0-8D6B-505D79C86661}"
EndProject
Global
	GlobalSection(SolutionConfigurationPlatforms) = preSolution
		Debug|Any CPU = Debug|Any CPU
		Release|Any CPU = Release|Any CPU
	EndGlobalSection
	GlobalSection(ProjectConfigurationPlatforms) = postSolution
		{2CC1C045-61AE-4DE0-8D6B-505D79C86661}.Debug|Any CPU.ActiveCfg = Debug|Any CPU
		{2CC1C045-61AE-4DE0-8D6B-505D79C86661}.Debug|Any CPU.Build.0 = Debug|Any CPU
		{2CC1C045-61AE-4DE0-8D6B-505D79C86661}.Release|Any CPU.ActiveCfg = Release|Any CPU
		{2CC1C045-61AE-4DE0-8D6B-505D79C86661}.Release|Any CPU.Build.0 = Release|Any CPU
	EndGlobalSection
	GlobalSection(SolutionProperties) = preSolution
		HideSolutionNode = FALSE
	EndGlobalSection
	GlobalSection(ExtensibilityGlobals) = postSolution
		SolutionGuid = {2B134299-CED0-4129-9B16-5CE77BD99815}
	EndGlobalSection
EndGlobal
